
Microsoft Visual Studio Solution File, Format Version 12.00
# Visual Studio Version 16
VisualStudioVersion = 16.0.30413.136
MinimumVisualStudioVersion = 10.0.40219.1
Project("{FAE04EC0-301F-11D3-BF4B-00C04F79EFBC}") = "DateTimeMetotOrnekler", "DateTimeMetotOrnekler\DateTimeMetotOrnekler.csproj", "{92D251FF-D1A2-4863-84A1-EB3CBB6D4894}"
EndProject
Global
	GlobalSection(SolutionConfigurationPlatforms) = preSolution
		Debug|Any CPU = Debug|Any CPU
		Release|Any CPU = Release|Any CPU
	EndGlobalSection
	GlobalSection(ProjectConfigurationPlatforms) = postSolution
		{92D251FF-D1A2-4863-84A1-EB3CBB6D4894}.Debug|Any CPU.ActiveCfg = Debug|Any CPU
		{92D251FF-D1A2-4863-84A1-EB3CBB6D4894}.Debug|Any CPU.Build.0 = Debug|Any CPU
		{92D251FF-D1A2-4863-84A1-EB3CBB6D4894}.Release|Any CPU.ActiveCfg = Release|Any CPU
		{92D251FF-D1A2-4863-84A1-EB3CBB6D4894}.Release|Any CPU.Build.0 = Release|Any CPU
	EndGlobalSection
	GlobalSection(SolutionProperties) = preSolution
		HideSolutionNode = FALSE
	EndGlobalSection
	GlobalSection(ExtensibilityGlobals) = postSolution
		SolutionGuid = {14DE044A-FF08-4738-BA0F-12E8E7C537A2}
	EndGlobalSection
EndGlobal
